
Microsoft Visual Studio Solution File, Format Version 12.00
Project("{FAE04EC0-301F-11D3-BF4B-00C04F79EFBC}") = "hIoc", "hIoc\hIoc.csproj", "{AD33A205-31B3-480F-AFC8-9937616D7B33}"
EndProject
Project("{FAE04EC0-301F-11D3-BF4B-00C04F79EFBC}") = "Tests", "Tests\Tests.csproj", "{38E2C058-EDC4-4C37-A5A1-EDFBEA8D1F3E}"
EndProject
Global
	GlobalSection(SolutionConfigurationPlatforms) = preSolution
		Debug|Any CPU = Debug|Any CPU
		Release|Any CPU = Release|Any CPU
	EndGlobalSection
	GlobalSection(ProjectConfigurationPlatforms) = postSolution
		{AD33A205-31B3-480F-AFC8-9937616D7B33}.Debug|Any CPU.ActiveCfg = Debug|Any CPU
		{AD33A205-31B3-480F-AFC8-9937616D7B33}.Debug|Any CPU.Build.0 = Debug|Any CPU
		{AD33A205-31B3-480F-AFC8-9937616D7B33}.Release|Any CPU.ActiveCfg = Release|Any CPU
		{AD33A205-31B3-480F-AFC8-9937616D7B33}.Release|Any CPU.Build.0 = Release|Any CPU
		{38E2C058-EDC4-4C37-A5A1-EDFBEA8D1F3E}.Debug|Any CPU.ActiveCfg = Debug|Any CPU
		{38E2C058-EDC4-4C37-A5A1-EDFBEA8D1F3E}.Debug|Any CPU.Build.0 = Debug|Any CPU
		{38E2C058-EDC4-4C37-A5A1-EDFBEA8D1F3E}.Release|Any CPU.ActiveCfg = Release|Any CPU
		{38E2C058-EDC4-4C37-A5A1-EDFBEA8D1F3E}.Release|Any CPU.Build.0 = Release|Any CPU
	EndGlobalSection
EndGlobal
